
Microsoft Visual Studio Solution File, Format Version 12.00
# Visual Studio Version 16
VisualStudioVersion = 16.0.35130.168
MinimumVisualStudioVersion = 10.0.40219.1
Project("{FAE04EC0-301F-11D3-BF4B-00C04F79EFBC}") = "Distanced Traveled", "Distanced Traveled.csproj", "{B16380AC-515E-4FEB-9C12-B5C7DD4FF323}"
EndProject
Global
	GlobalSection(SolutionConfigurationPlatforms) = preSolution
		Debug|Any CPU = Debug|Any CPU
		Release|Any CPU = Release|Any CPU
	EndGlobalSection
	GlobalSection(ProjectConfigurationPlatforms) = postSolution
		{B16380AC-515E-4FEB-9C12-B5C7DD4FF323}.Debug|Any CPU.ActiveCfg = Debug|Any CPU
		{B16380AC-515E-4FEB-9C12-B5C7DD4FF323}.Debug|Any CPU.Build.0 = Debug|Any CPU
		{B16380AC-515E-4FEB-9C12-B5C7DD4FF323}.Release|Any CPU.ActiveCfg = Release|Any CPU
		{B16380AC-515E-4FEB-9C12-B5C7DD4FF323}.Release|Any CPU.Build.0 = Release|Any CPU
	EndGlobalSection
	GlobalSection(SolutionProperties) = preSolution
		HideSolutionNode = FALSE
	EndGlobalSection
	GlobalSection(ExtensibilityGlobals) = postSolution
		SolutionGuid = {A4072D6D-8441-4D13-9E8B-38133F2B50EC}
	EndGlobalSection
EndGlobal
